{
    "_readme": [
        "This file locks the dependencies of your project to a known state",
        "Read more about it at https://getcomposer.org/doc/01-basic-usage.md#installing-dependencies",
        "This file is @generated automatically"
    ],
    "content-hash": "3f394c30c813b8e066c5cd034f9b8afd",
    "packages": [
        {
            "name": "basic-app/admin",
            "version": "dev-master",
            "source": {
                "type": "git",
                "url": "https://github.com/basic-app/admin.git",
                "reference": "a285cb0ccb6b61e7071e1911b896f8e4628b5d26"
            },
            "dist": {
                "type": "zip",
                "url": "https://api.github.com/repos/basic-app/admin/zipball/a285cb0ccb6b61e7071e1911b896f8e4628b5d26",
                "reference": "a285cb0ccb6b61e7071e1911b896f8e4628b5d26",
                "shasum": ""
            },
            "require": {
                "basic-app/module-admins": "dev-master"
            },
            "type": "library",
            "autoload": {
                "psr-4": {
                    "BasicApp\\Admin\\": ""
                }
            },
            "notification-url": "https://packagist.org/downloads/",
            "license": [
                "MIT"
            ],
            "time": "2019-08-09T20:15:43+00:00"
        },
        {
            "name": "basic-app/bootstrap4",
            "version": "dev-master",
            "source": {
                "type": "git",
                "url": "https://github.com/basic-app/bootstrap4.git",
                "reference": "81ca3221029e748e6d2458fd11d05d2b8f595bcf"
            },
            "dist": {
                "type": "zip",
                "url": "https://api.github.com/repos/basic-app/bootstrap4/zipball/81ca3221029e748e6d2458fd11d05d2b8f595bcf",
                "reference": "81ca3221029e748e6d2458fd11d05d2b8f595bcf",
                "shasum": ""
            },
            "type": "library",
            "autoload": {
                "psr-4": {
                    "BasicApp\\Bootstrap4\\": ""
                }
            },
            "notification-url": "https://packagist.org/downloads/",
            "license": [
                "MIT"
            ],
            "time": "2019-01-25T07:08:38+00:00"
        },
        {
            "name": "basic-app/core",
            "version": "dev-master",
            "source": {
                "type": "git",
                "url": "https://github.com/basic-app/core.git",
                "reference": "58b4444e8d8d97a40c6d850530700c20b06448aa"
            },
            "dist": {
                "type": "zip",
                "url": "https://api.github.com/repos/basic-app/core/zipball/58b4444e8d8d97a40c6d850530700c20b06448aa",
                "reference": "58b4444e8d8d97a40c6d850530700c20b06448aa",
                "shasum": ""
            },
            "require": {
                "codeigniter4/framework": "*"
            },
            "type": "library",
            "autoload": {
                "psr-4": {
                    "BasicApp\\Core\\": "Core/",
                    "BasicApp\\Interfaces\\": "Interfaces/",
                    "BasicApp\\Actions\\": "Actions/",
                    "BasicApp\\Behaviors\\": "Behaviors/",
                    "BasicApp\\Traits\\": "Traits/",
                    "BasicApp\\Helpers\\": "Helpers/"
                }
            },
            "notification-url": "https://packagist.org/downloads/",
            "license": [
                "MIT"
            ],
            "time": "2019-09-05T17:18:33+00:00"
        },
        {
            "name": "basic-app/module-admins",
            "version": "dev-master",
            "source": {
                "type": "git",
                "url": "https://github.com/basic-app/module-admins.git",
                "reference": "d18fdaa2703b8b65490add5ec8e24eb55bfa2c57"
            },
            "dist": {
                "type": "zip",
                "url": "https://api.github.com/repos/basic-app/module-admins/zipball/d18fdaa2703b8b65490add5ec8e24eb55bfa2c57",
                "reference": "d18fdaa2703b8b65490add5ec8e24eb55bfa2c57",
                "shasum": ""
            },
            "type": "library",
            "autoload": {
                "psr-4": {
                    "BasicApp\\Admins\\": ""
                }
            },
            "notification-url": "https://packagist.org/downloads/",
            "license": [
                "MIT"
            ],
            "time": "2019-09-05T19:26:51+00:00"
        },
        {
            "name": "basic-app/module-blog",
            "version": "dev-master",
            "source": {
                "type": "git",
                "url": "https://github.com/basic-app/module-blog.git",
                "reference": "3f80e472b762be1371adb49295e1eef96252ef69"
            },
            "dist": {
                "type": "zip",
                "url": "https://api.github.com/repos/basic-app/module-blog/zipball/3f80e472b762be1371adb49295e1eef96252ef69",
                "reference": "3f80e472b762be1371adb49295e1eef96252ef69",
                "shasum": ""
            },
            "type": "library",
            "autoload": {
                "psr-4": {
                    "BasicApp\\Blog\\": ""
                }
            },
            "notification-url": "https://packagist.org/downloads/",
            "license": [
                "MIT"
            ],
            "time": "2019-09-05T20:03:08+00:00"
        },
        {
            "name": "basic-app/module-configs",
            "version": "dev-master",
            "source": {
                "type": "git",
                "url": "https://github.com/basic-app/module-configs.git",
                "reference": "7126b6b1f5d9dcb52aa8866c293161bfb9a07134"
            },
            "dist": {
                "type": "zip",
                "url": "https://api.github.com/repos/basic-app/module-configs/zipball/7126b6b1f5d9dcb52aa8866c293161bfb9a07134",
                "reference": "7126b6b1f5d9dcb52aa8866c293161bfb9a07134",
                "shasum": ""
            },
            "type": "library",
            "autoload": {
                "psr-4": {
                    "BasicApp\\Configs\\": ""
                }
            },
            "notification-url": "https://packagist.org/downloads/",
            "license": [
                "MIT"
            ],
            "time": "2019-09-05T19:15:32+00:00"
        },
        {
            "name": "basic-app/module-i18n",
            "version": "dev-master",
            "source": {
                "type": "git",
                "url": "https://github.com/basic-app/module-i18n.git",
                "reference": "1ce4bf0cca20a0c34d984c9892e7556bfbfd92a1"
            },
            "dist": {
                "type": "zip",
                "url": "https://api.github.com/repos/basic-app/module-i18n/zipball/1ce4bf0cca20a0c34d984c9892e7556bfbfd92a1",
                "reference": "1ce4bf0cca20a0c34d984c9892e7556bfbfd92a1",
                "shasum": ""
            },
            "type": "library",
            "autoload": {
                "psr-4": {
                    "BasicApp\\I18n\\": ""
                }
            },
            "notification-url": "https://packagist.org/downloads/",
            "license": [
                "MIT"
            ],
            "time": "2019-09-05T19:18:57+00:00"
        },
        {
            "name": "basic-app/module-site",
            "version": "dev-master",
            "source": {
                "type": "git",
                "url": "https://github.com/basic-app/module-site.git",
                "reference": "b7b62e64d3d1d14361a039be6ffcfe079c43ece4"
            },
            "dist": {
                "type": "zip",
                "url": "https://api.github.com/repos/basic-app/module-site/zipball/b7b62e64d3d1d14361a039be6ffcfe079c43ece4",
                "reference": "b7b62e64d3d1d14361a039be6ffcfe079c43ece4",
                "shasum": ""
            },
            "type": "library",
            "autoload": {
                "psr-4": {
                    "BasicApp\\Site\\": ""
                }
            },
            "notification-url": "https://packagist.org/downloads/",
            "license": [
                "MIT"
            ],
            "time": "2019-09-05T17:00:41+00:00"
        },
        {
            "name": "basic-app/system",
            "version": "dev-master",
            "source": {
                "type": "git",
                "url": "https://github.com/basic-app/system.git",
                "reference": "c8a552347c82a7dee3e9c0836325b195d87efb16"
            },
            "dist": {
                "type": "zip",
                "url": "https://api.github.com/repos/basic-app/system/zipball/c8a552347c82a7dee3e9c0836325b195d87efb16",
                "reference": "c8a552347c82a7dee3e9c0836325b195d87efb16",
                "shasum": ""
            },
            "require": {
                "basic-app/bootstrap4": "dev-master",
                "basic-app/core": "dev-master",
                "basic-app/module-configs": "dev-master",
                "basic-app/module-i18n": "dev-master"
            },
            "type": "library",
            "autoload": {
                "psr-4": {
                    "BasicApp\\System\\": ""
                }
            },
            "notification-url": "https://packagist.org/downloads/",
            "license": [
                "MIT"
            ],
            "time": "2019-07-26T06:35:46+00:00"
        },
        {
            "name": "basic-app/theme",
            "version": "dev-master",
            "source": {
                "type": "git",
                "url": "https://github.com/basic-app/theme.git",
                "reference": "60d842852de4f97e02f8cac25c8f11352e8d859b"
            },
            "dist": {
                "type": "zip",
                "url": "https://api.github.com/repos/basic-app/theme/zipball/60d842852de4f97e02f8cac25c8f11352e8d859b",
                "reference": "60d842852de4f97e02f8cac25c8f11352e8d859b",
                "shasum": ""
            },
            "require": {
                "basic-app/core": "dev-master",
                "phptheme/core": "dev-master"
            },
            "type": "library",
            "autoload": {
                "exclude-from-classmap": [
                    "/PhpTheme/"
                ],
                "psr-4": {
                    "BasicApp\\Theme\\": ""
                },
                "files": [
                    "PhpTheme/Core/ThemeAbstract.php",
                    "PhpTheme/Html/TableAbstract.php",
                    "PhpTheme/Html/TableColumnAbstract.php"
                ]
            },
            "notification-url": "https://packagist.org/downloads/",
            "time": "2019-08-10T20:50:31+00:00"
        },
        {
            "name": "basic-app/theme-clean-blog",
            "version": "dev-master",
            "source": {
                "type": "git",
                "url": "https://github.com/basic-app/theme-clean-blog.git",
                "reference": "849b06b8966406a27da4ed66a8b6aed824c82fd4"
            },
            "dist": {
                "type": "zip",
                "url": "https://api.github.com/repos/basic-app/theme-clean-blog/zipball/849b06b8966406a27da4ed66a8b6aed824c82fd4",
                "reference": "849b06b8966406a27da4ed66a8b6aed824c82fd4",
                "shasum": ""
            },
            "require": {
                "phptheme/theme-clean-blog": "dev-master"
            },
            "type": "library",
            "autoload": {
                "psr-4": {
                    "BasicApp\\CleanBlogTheme\\": ""
                }
            },
            "notification-url": "https://packagist.org/downloads/",
            "time": "2019-07-25T05:10:28+00:00"
        },
        {
            "name": "basic-app/theme-cool-admin",
            "version": "dev-master",
            "source": {
                "type": "git",
                "url": "https://github.com/basic-app/theme-cool-admin.git",
                "reference": "f748d72d01124a6b51cc0dec19f69f3d1ace1e18"
            },
            "dist": {
                "type": "zip",
                "url": "https://api.github.com/repos/basic-app/theme-cool-admin/zipball/f748d72d01124a6b51cc0dec19f69f3d1ace1e18",
                "reference": "f748d72d01124a6b51cc0dec19f69f3d1ace1e18",
                "shasum": ""
            },
            "require": {
                "basic-app/theme": "dev-master",
                "phptheme/theme-cool-admin": "dev-master"
            },
            "type": "library",
            "autoload": {
                "psr-4": {
                    "BasicApp\\CoolAdminTheme\\": ""
                }
            },
            "notification-url": "https://packagist.org/downloads/",
            "time": "2019-08-09T12:01:10+00:00"
        },
        {
            "name": "bower-asset/codemirror",
            "version": "dev-master",
            "source": {
                "type": "git",
                "url": "https://github.com/components/codemirror.git",
                "reference": "0942c22a2762358f6f2216e4cd67f72feab98c4c"
            },
            "dist": {
                "type": "zip",
                "url": "https://api.github.com/repos/components/codemirror/zipball/0942c22a2762358f6f2216e4cd67f72feab98c4c",
                "reference": "0942c22a2762358f6f2216e4cd67f72feab98c4c"
            },
            "type": "bower-asset",
            "time": "2017-08-22T13:26:31+00:00"
        },
        {
            "name": "bower-asset/tinymce",
            "version": "dev-master",
            "source": {
                "type": "git",
                "url": "git@github.com:tinymce/tinymce-dist.git",
                "reference": "4ed6cbe75f468c389a180df9b9c3d050ac3b722c"
            },
            "dist": {
                "type": "zip",
                "url": "https://api.github.com/repos/tinymce/tinymce-dist/zipball/4ed6cbe75f468c389a180df9b9c3d050ac3b722c",
                "reference": "4ed6cbe75f468c389a180df9b9c3d050ac3b722c"
            },
            "type": "bower-asset",
            "license": [
                "LGPL-2.1"
            ],
            "time": "2019-08-19T01:20:27+00:00"
        },
        {
            "name": "codeigniter4/framework",
            "version": "v4.0.0-beta.4",
            "source": {
                "type": "git",
                "url": "https://github.com/codeigniter4/framework.git",
                "reference": "8ee7a2a4b772e1f78a9905192efede812cdd194d"
            },
            "dist": {
                "type": "zip",
                "url": "https://api.github.com/repos/codeigniter4/framework/zipball/8ee7a2a4b772e1f78a9905192efede812cdd194d",
                "reference": "8ee7a2a4b772e1f78a9905192efede812cdd194d",
                "shasum": ""
            },
            "require": {
                "ext-curl": "*",
                "ext-intl": "*",
                "kint-php/kint": "^2.1",
                "php": ">=7.2",
                "psr/log": "^1.1",
                "zendframework/zend-escaper": "^2.5"
            },
            "require-dev": {
                "codeigniter4/codeigniter4-standard": "^1.0",
                "mikey179/vfsstream": "1.6.*",
                "phpunit/phpunit": "^7.0",
                "squizlabs/php_codesniffer": "^3.3"
            },
            "type": "project",
            "autoload": {
                "psr-4": {
                    "CodeIgniter\\": "system/"
                }
            },
            "notification-url": "https://packagist.org/downloads/",
            "license": [
                "MIT"
            ],
            "description": "The CodeIgniter framework v4",
            "homepage": "https://codeigniter.com",
            "time": "2019-07-25T13:35:46+00:00"
        },
        {
            "name": "codeigniter4/translations",
            "version": "v4.0.0-rc.1",
            "source": {
                "type": "git",
                "url": "https://github.com/codeigniter4/translations.git",
                "reference": "e1c1245758a7ab7fdb459c9dadb7355fac137d04"
            },
            "dist": {
                "type": "zip",
                "url": "https://api.github.com/repos/codeigniter4/translations/zipball/e1c1245758a7ab7fdb459c9dadb7355fac137d04",
                "reference": "e1c1245758a7ab7fdb459c9dadb7355fac137d04",
                "shasum": ""
            },
            "require": {
                "ext-intl": "*",
                "php": ">=7.2"
            },
            "require-dev": {
                "codeigniter4/framework": "dev-master",
                "phpunit/phpunit": "^7.0"
            },
            "type": "project",
            "autoload": {
                "psr-4": {
                    "CodeIgniter\\Language\\": "Language/"
                }
            },
            "notification-url": "https://packagist.org/downloads/",
            "license": [
                "MIT"
            ],
            "description": "Translations for CodeIgniter v4 web framework",
            "homepage": "https://codeigniter.com",
            "time": "2019-08-12T21:45:40+00:00"
        },
        {
            "name": "kint-php/kint",
            "version": "2.2",
            "source": {
                "type": "git",
                "url": "https://github.com/kint-php/kint.git",
                "reference": "b091715eadaf6e1a7ef927f3e81d1004611d2aea"
            },
            "dist": {
                "type": "zip",
                "url": "https://api.github.com/repos/kint-php/kint/zipball/b091715eadaf6e1a7ef927f3e81d1004611d2aea",
                "reference": "b091715eadaf6e1a7ef927f3e81d1004611d2aea",
                "shasum": ""
            },
            "require": {
                "php": ">=5.1.2"
            },
            "require-dev": {
                "friendsofphp/php-cs-fixer": "^2.0",
                "phpunit/phpunit": "^4.0",
                "symfony/finder": "^2.6"
            },
            "type": "library",
            "autoload": {
                "files": [
                    "init.php"
                ],
                "classmap": [
                    "src/"
                ]
            },
            "notification-url": "https://packagist.org/downloads/",
            "license": [
                "MIT"
            ],
            "authors": [
                {
                    "name": "Rokas Šleinius",
                    "homepage": "https://github.com/raveren"
                },
                {
                    "name": "Jonathan Vollebregt",
                    "homepage": "https://github.com/jnvsor"
                },
                {
                    "name": "Contributors",
                    "homepage": "https://github.com/kint-php/kint/graphs/contributors"
                }
            ],
            "description": "Kint - debugging tool for PHP developers",
            "homepage": "https://kint-php.github.io/kint/",
            "keywords": [
                "debug",
                "kint",
                "php"
            ],
            "time": "2017-09-06T17:46:03+00:00"
        },
        {
            "name": "michelf/php-markdown",
            "version": "1.8.0",
            "source": {
                "type": "git",
                "url": "https://github.com/michelf/php-markdown.git",
                "reference": "01ab082b355bf188d907b9929cd99b2923053495"
            },
            "dist": {
                "type": "zip",
                "url": "https://api.github.com/repos/michelf/php-markdown/zipball/01ab082b355bf188d907b9929cd99b2923053495",
                "reference": "01ab082b355bf188d907b9929cd99b2923053495",
                "shasum": ""
            },
            "require": {
                "php": ">=5.3.0"
            },
            "type": "library",
            "autoload": {
                "psr-4": {
                    "Michelf\\": "Michelf/"
                }
            },
            "notification-url": "https://packagist.org/downloads/",
            "license": [
                "BSD-3-Clause"
            ],
            "authors": [
                {
                    "name": "Michel Fortin",
                    "email": "michel.fortin@michelf.ca",
                    "homepage": "https://michelf.ca/",
                    "role": "Developer"
                },
                {
                    "name": "John Gruber",
                    "homepage": "https://daringfireball.net/"
                }
            ],
            "description": "PHP Markdown",
            "homepage": "https://michelf.ca/projects/php-markdown/",
            "keywords": [
                "markdown"
            ],
            "time": "2018-01-15T00:49:33+00:00"
        },
        {
            "name": "npm-asset/bootstrap",
            "version": "4.3.1",
            "dist": {
                "type": "tar",
                "url": "https://registry.npmjs.org/bootstrap/-/bootstrap-4.3.1.tgz"
            },
            "type": "npm-asset",
            "license": [
                "MIT"
            ]
        },
        {
            "name": "npm-asset/fortawesome--fontawesome-free",
            "version": "5.9.0",
            "dist": {
                "type": "tar",
                "url": "https://registry.npmjs.org/@fortawesome/fontawesome-free/-/fontawesome-free-5.9.0.tgz"
            },
            "type": "npm-asset",
            "license": [
                "(CC-BY-4.0 AND OFL-1.1 AND MIT)"
            ]
        },
        {
            "name": "npm-asset/jquery",
            "version": "3.4.1",
            "dist": {
                "type": "tar",
                "url": "https://registry.npmjs.org/jquery/-/jquery-3.4.1.tgz"
            },
            "type": "npm-asset",
            "license": [
                "MIT"
            ]
        },
        {
            "name": "npm-asset/startbootstrap-clean-blog",
            "version": "dev-master",
            "source": {
                "type": "git",
                "url": "git@github.com:BlackrockDigital/startbootstrap-clean-blog.git",
                "reference": "ea0d86a2fa7963b5dec1e1ab86d800d030b6017c"
            },
            "dist": {
                "type": "zip",
                "url": "https://api.github.com/repos/BlackrockDigital/startbootstrap-clean-blog/zipball/ea0d86a2fa7963b5dec1e1ab86d800d030b6017c",
                "reference": "ea0d86a2fa7963b5dec1e1ab86d800d030b6017c"
            },
            "require": {
                "npm-asset/bootstrap": "4.3.1",
                "npm-asset/fortawesome--fontawesome-free": "5.9.0",
                "npm-asset/jquery": "3.4.1"
            },
            "type": "npm-asset",
            "license": [
                "MIT"
            ],
            "time": "2019-06-13T16:48:26+00:00"
        },
        {
            "name": "phptheme/bootstrap4",
            "version": "dev-master",
            "source": {
                "type": "git",
                "url": "https://github.com/phptheme/bootstrap4.git",
                "reference": "53b07183388d8dc6621f94aa6a5e7f3f46ed44b5"
            },
            "dist": {
                "type": "zip",
                "url": "https://api.github.com/repos/phptheme/bootstrap4/zipball/53b07183388d8dc6621f94aa6a5e7f3f46ed44b5",
                "reference": "53b07183388d8dc6621f94aa6a5e7f3f46ed44b5",
                "shasum": ""
            },
            "require": {
                "phptheme/core": "dev-master"
            },
            "type": "library",
            "autoload": {
                "psr-4": {
                    "PhpTheme\\Bootstrap4\\": ""
                }
            },
            "notification-url": "https://packagist.org/downloads/",
            "license": [
                "MIT"
            ],
            "time": "2019-07-26T20:45:03+00:00"
        },
        {
            "name": "phptheme/core",
            "version": "dev-master",
            "source": {
                "type": "git",
                "url": "https://github.com/phptheme/core.git",
                "reference": "b9070be3a8ed7f9678bef90914b9173e2e0bb445"
            },
            "dist": {
                "type": "zip",
                "url": "https://api.github.com/repos/phptheme/core/zipball/b9070be3a8ed7f9678bef90914b9173e2e0bb445",
                "reference": "b9070be3a8ed7f9678bef90914b9173e2e0bb445",
                "shasum": ""
            },
            "require": {
                "composer-plugin-api": "^1.0"
            },
            "type": "library",
            "autoload": {
                "psr-4": {
                    "PhpTheme\\Core\\": "",
                    "PhpTheme\\Helpers\\": "Helpers/",
                    "PhpTheme\\Html\\": "Html/"
                }
            },
            "notification-url": "https://packagist.org/downloads/",
            "license": [
                "MIT"
            ],
            "time": "2019-07-28T18:13:59+00:00"
        },
        {
            "name": "phptheme/theme-clean-blog",
            "version": "dev-master",
            "source": {
                "type": "git",
                "url": "https://github.com/phptheme/theme-clean-blog.git",
                "reference": "edaa4b87bfcb51081b79a66d546cdb4da6d85c61"
            },
            "dist": {
                "type": "zip",
                "url": "https://api.github.com/repos/phptheme/theme-clean-blog/zipball/edaa4b87bfcb51081b79a66d546cdb4da6d85c61",
                "reference": "edaa4b87bfcb51081b79a66d546cdb4da6d85c61",
                "shasum": ""
            },
            "require": {
                "phptheme/bootstrap4": "dev-master",
                "phptheme/core": "dev-master"
            },
            "type": "library",
            "autoload": {
                "psr-4": {
                    "PhpTheme\\CleanBlogTheme\\": ""
                }
            },
            "notification-url": "https://packagist.org/downloads/",
            "time": "2019-07-25T05:26:04+00:00"
        },
        {
            "name": "phptheme/theme-cool-admin",
            "version": "dev-master",
            "source": {
                "type": "git",
                "url": "https://github.com/phptheme/theme-cool-admin.git",
                "reference": "2621ec5f1f0e6f0f0ea3b0d7fe04e1fdbb243483"
            },
            "dist": {
                "type": "zip",
                "url": "https://api.github.com/repos/phptheme/theme-cool-admin/zipball/2621ec5f1f0e6f0f0ea3b0d7fe04e1fdbb243483",
                "reference": "2621ec5f1f0e6f0f0ea3b0d7fe04e1fdbb243483",
                "shasum": ""
            },
            "require": {
                "phptheme/bootstrap4": "dev-master"
            },
            "type": "library",
            "autoload": {
                "psr-4": {
                    "PhpTheme\\CoolAdminTheme\\": ""
                }
            },
            "notification-url": "https://packagist.org/downloads/",
            "license": [
                "MIT"
            ],
            "time": "2019-08-13T21:00:23+00:00"
        },
        {
            "name": "psr/log",
            "version": "1.1.0",
            "source": {
                "type": "git",
                "url": "https://github.com/php-fig/log.git",
                "reference": "6c001f1daafa3a3ac1d8ff69ee4db8e799a654dd"
            },
            "dist": {
                "type": "zip",
                "url": "https://api.github.com/repos/php-fig/log/zipball/6c001f1daafa3a3ac1d8ff69ee4db8e799a654dd",
                "reference": "6c001f1daafa3a3ac1d8ff69ee4db8e799a654dd",
                "shasum": ""
            },
            "require": {
                "php": ">=5.3.0"
            },
            "type": "library",
            "extra": {
                "branch-alias": {
                    "dev-master": "1.0.x-dev"
                }
            },
            "autoload": {
                "psr-4": {
                    "Psr\\Log\\": "Psr/Log/"
                }
            },
            "notification-url": "https://packagist.org/downloads/",
            "license": [
                "MIT"
            ],
            "authors": [
                {
                    "name": "PHP-FIG",
                    "homepage": "http://www.php-fig.org/"
                }
            ],
            "description": "Common interface for logging libraries",
            "homepage": "https://github.com/php-fig/log",
            "keywords": [
                "log",
                "psr",
                "psr-3"
            ],
            "time": "2018-11-20T15:27:04+00:00"
        },
        {
            "name": "puikinsh/cool-admin",
            "version": "1.0",
            "source": {
                "type": "git",
                "url": "https://github.com/puikinsh/CoolAdmin",
                "reference": "master"
            },
            "type": "library"
        },
        {
            "name": "zendframework/zend-escaper",
            "version": "2.6.1",
            "source": {
                "type": "git",
                "url": "https://github.com/zendframework/zend-escaper.git",
                "reference": "3801caa21b0ca6aca57fa1c42b08d35c395ebd5f"
            },
            "dist": {
                "type": "zip",
                "url": "https://api.github.com/repos/zendframework/zend-escaper/zipball/3801caa21b0ca6aca57fa1c42b08d35c395ebd5f",
                "reference": "3801caa21b0ca6aca57fa1c42b08d35c395ebd5f",
                "shasum": ""
            },
            "require": {
                "php": "^5.6 || ^7.0"
            },
            "require-dev": {
                "phpunit/phpunit": "^5.7.27 || ^6.5.8 || ^7.1.2",
                "zendframework/zend-coding-standard": "~1.0.0"
            },
            "type": "library",
            "extra": {
                "branch-alias": {
                    "dev-master": "2.6.x-dev",
                    "dev-develop": "2.7.x-dev"
                }
            },
            "autoload": {
                "psr-4": {
                    "Zend\\Escaper\\": "src/"
                }
            },
            "notification-url": "https://packagist.org/downloads/",
            "license": [
                "BSD-3-Clause"
            ],
            "description": "Securely and safely escape HTML, HTML attributes, JavaScript, CSS, and URLs",
            "keywords": [
                "ZendFramework",
                "escaper",
                "zf"
            ],
            "time": "2019-09-05T20:03:20+00:00"
        }
    ],
    "packages-dev": [],
    "aliases": [],
    "minimum-stability": "dev",
    "stability-flags": {
        "basic-app/system": 20,
        "basic-app/module-site": 20,
        "basic-app/admin": 20,
        "basic-app/module-blog": 20,
        "phptheme/core": 20,
        "basic-app/theme-clean-blog": 20,
        "npm-asset/startbootstrap-clean-blog": 20,
        "bower-asset/tinymce": 20,
        "bower-asset/codemirror": 20,
        "basic-app/theme-cool-admin": 20
    },
    "prefer-stable": true,
    "prefer-lowest": false,
    "platform": [],
    "platform-dev": []
}
