{
    "_readme": [
        "This file locks the dependencies of your project to a known state",
        "Read more about it at https://getcomposer.org/doc/01-basic-usage.md#installing-dependencies",
        "This file is @generated automatically"
    ],
    "content-hash": "317a15872fa7b5c281ddfb726d7748f8",
    "packages": [
        {
            "name": "basic-app/admin",
            "version": "dev-master",
            "source": {
                "type": "git",
                "url": "https://github.com/basic-app/admin.git",
                "reference": "43252a31b196b97064e3a4b5733ebb87939d69ca"
            },
            "dist": {
                "type": "zip",
                "url": "https://api.github.com/repos/basic-app/admin/zipball/43252a31b196b97064e3a4b5733ebb87939d69ca",
                "reference": "43252a31b196b97064e3a4b5733ebb87939d69ca",
                "shasum": ""
            },
            "require": {
                "basic-app/module-admins": "dev-master"
            },
            "type": "library",
            "autoload": {
                "psr-4": {
                    "BasicApp\\Admin\\": ""
                }
            },
            "notification-url": "https://packagist.org/downloads/",
            "license": [
                "MIT"
            ],
            "time": "2019-07-25T10:08:39+00:00"
        },
        {
            "name": "basic-app/bootstrap4",
            "version": "dev-master",
            "source": {
                "type": "git",
                "url": "https://github.com/basic-app/bootstrap4.git",
                "reference": "81ca3221029e748e6d2458fd11d05d2b8f595bcf"
            },
            "dist": {
                "type": "zip",
                "url": "https://api.github.com/repos/basic-app/bootstrap4/zipball/81ca3221029e748e6d2458fd11d05d2b8f595bcf",
                "reference": "81ca3221029e748e6d2458fd11d05d2b8f595bcf",
                "shasum": ""
            },
            "type": "library",
            "autoload": {
                "psr-4": {
                    "BasicApp\\Bootstrap4\\": ""
                }
            },
            "notification-url": "https://packagist.org/downloads/",
            "license": [
                "MIT"
            ],
            "time": "2019-01-25T07:08:38+00:00"
        },
        {
            "name": "basic-app/core",
            "version": "dev-master",
            "source": {
                "type": "git",
                "url": "https://github.com/basic-app/core.git",
                "reference": "f58f71a430f86f962ecaff94e39badcec1cd7cc0"
            },
            "dist": {
                "type": "zip",
                "url": "https://api.github.com/repos/basic-app/core/zipball/f58f71a430f86f962ecaff94e39badcec1cd7cc0",
                "reference": "f58f71a430f86f962ecaff94e39badcec1cd7cc0",
                "shasum": ""
            },
            "require": {
                "codeigniter4/framework": "dev-master"
            },
            "type": "library",
            "autoload": {
                "psr-4": {
                    "BasicApp\\Core\\": "Core/",
                    "BasicApp\\Interfaces\\": "Interfaces/",
                    "BasicApp\\Actions\\": "Actions/",
                    "BasicApp\\Behaviors\\": "Behaviors/",
                    "BasicApp\\Traits\\": "Traits/",
                    "BasicApp\\Helpers\\": "Helpers/"
                }
            },
            "notification-url": "https://packagist.org/downloads/",
            "license": [
                "MIT"
            ],
            "time": "2019-07-25T05:09:29+00:00"
        },
        {
            "name": "basic-app/module-admins",
            "version": "dev-master",
            "source": {
                "type": "git",
                "url": "https://github.com/basic-app/module-admins.git",
                "reference": "6e2f842f99c661cfd438dba04e4d2a3066424ab3"
            },
            "dist": {
                "type": "zip",
                "url": "https://api.github.com/repos/basic-app/module-admins/zipball/6e2f842f99c661cfd438dba04e4d2a3066424ab3",
                "reference": "6e2f842f99c661cfd438dba04e4d2a3066424ab3",
                "shasum": ""
            },
            "type": "library",
            "autoload": {
                "psr-4": {
                    "BasicApp\\Admins\\": ""
                }
            },
            "notification-url": "https://packagist.org/downloads/",
            "license": [
                "MIT"
            ],
            "time": "2019-07-25T06:27:22+00:00"
        },
        {
            "name": "basic-app/module-blog",
            "version": "dev-master",
            "source": {
                "type": "git",
                "url": "https://github.com/basic-app/module-blog.git",
                "reference": "9eb2bb13db0b3b2181df97170dd4b1770f99cdfa"
            },
            "dist": {
                "type": "zip",
                "url": "https://api.github.com/repos/basic-app/module-blog/zipball/9eb2bb13db0b3b2181df97170dd4b1770f99cdfa",
                "reference": "9eb2bb13db0b3b2181df97170dd4b1770f99cdfa",
                "shasum": ""
            },
            "type": "library",
            "autoload": {
                "psr-4": {
                    "BasicApp\\Blog\\": ""
                }
            },
            "notification-url": "https://packagist.org/downloads/",
            "license": [
                "MIT"
            ],
            "time": "2019-07-25T06:14:10+00:00"
        },
        {
            "name": "basic-app/module-configs",
            "version": "dev-master",
            "source": {
                "type": "git",
                "url": "https://github.com/basic-app/module-configs.git",
                "reference": "a047c590f855df16bf04b81c6ec313bec2f851da"
            },
            "dist": {
                "type": "zip",
                "url": "https://api.github.com/repos/basic-app/module-configs/zipball/a047c590f855df16bf04b81c6ec313bec2f851da",
                "reference": "a047c590f855df16bf04b81c6ec313bec2f851da",
                "shasum": ""
            },
            "type": "library",
            "autoload": {
                "psr-4": {
                    "BasicApp\\Configs\\": ""
                }
            },
            "notification-url": "https://packagist.org/downloads/",
            "license": [
                "MIT"
            ],
            "time": "2019-07-25T05:52:38+00:00"
        },
        {
            "name": "basic-app/module-i18n",
            "version": "dev-master",
            "source": {
                "type": "git",
                "url": "https://github.com/basic-app/module-i18n.git",
                "reference": "bb7cbfd234a6c45a02b108d3f40d8b68fa165e24"
            },
            "dist": {
                "type": "zip",
                "url": "https://api.github.com/repos/basic-app/module-i18n/zipball/bb7cbfd234a6c45a02b108d3f40d8b68fa165e24",
                "reference": "bb7cbfd234a6c45a02b108d3f40d8b68fa165e24",
                "shasum": ""
            },
            "type": "library",
            "autoload": {
                "psr-4": {
                    "BasicApp\\I18n\\": ""
                }
            },
            "notification-url": "https://packagist.org/downloads/",
            "license": [
                "MIT"
            ],
            "time": "2019-07-23T19:36:40+00:00"
        },
        {
            "name": "basic-app/module-messages",
            "version": "dev-master",
            "source": {
                "type": "git",
                "url": "https://github.com/basic-app/module-messages.git",
                "reference": "a4bfecb0d0df1ba1c26756f6a9f23d36a9cb3ca0"
            },
            "dist": {
                "type": "zip",
                "url": "https://api.github.com/repos/basic-app/module-messages/zipball/a4bfecb0d0df1ba1c26756f6a9f23d36a9cb3ca0",
                "reference": "a4bfecb0d0df1ba1c26756f6a9f23d36a9cb3ca0",
                "shasum": ""
            },
            "require": {
                "phpmailer/phpmailer": "^6.0"
            },
            "type": "library",
            "autoload": {
                "psr-4": {
                    "BasicApp\\Messages\\": ""
                }
            },
            "notification-url": "https://packagist.org/downloads/",
            "license": [
                "MIT"
            ],
            "time": "2019-07-25T08:40:19+00:00"
        },
        {
            "name": "basic-app/module-site",
            "version": "dev-master",
            "source": {
                "type": "git",
                "url": "https://github.com/basic-app/module-site.git",
                "reference": "7c98adcd3605c94b6f3f12b1ad47366c06fe0c28"
            },
            "dist": {
                "type": "zip",
                "url": "https://api.github.com/repos/basic-app/module-site/zipball/7c98adcd3605c94b6f3f12b1ad47366c06fe0c28",
                "reference": "7c98adcd3605c94b6f3f12b1ad47366c06fe0c28",
                "shasum": ""
            },
            "type": "library",
            "autoload": {
                "psr-4": {
                    "BasicApp\\Site\\": ""
                }
            },
            "notification-url": "https://packagist.org/downloads/",
            "license": [
                "MIT"
            ],
            "time": "2019-07-23T19:05:44+00:00"
        },
        {
            "name": "basic-app/system",
            "version": "dev-master",
            "source": {
                "type": "git",
                "url": "https://github.com/basic-app/system.git",
                "reference": "70d2479887b2ca515e9969e6c2d8164f80b9a762"
            },
            "dist": {
                "type": "zip",
                "url": "https://api.github.com/repos/basic-app/system/zipball/70d2479887b2ca515e9969e6c2d8164f80b9a762",
                "reference": "70d2479887b2ca515e9969e6c2d8164f80b9a762",
                "shasum": ""
            },
            "require": {
                "basic-app/bootstrap4": "dev-master",
                "basic-app/core": "dev-master",
                "basic-app/module-configs": "dev-master",
                "basic-app/module-i18n": "dev-master",
                "basic-app/module-messages": "dev-master"
            },
            "type": "library",
            "autoload": {
                "psr-4": {
                    "BasicApp\\System\\": ""
                }
            },
            "notification-url": "https://packagist.org/downloads/",
            "license": [
                "MIT"
            ],
            "time": "2019-07-24T19:15:56+00:00"
        },
        {
            "name": "basic-app/theme",
            "version": "dev-master",
            "source": {
                "type": "git",
                "url": "https://github.com/basic-app/theme.git",
                "reference": "c1864c80f6a21c375a47ed8d01166b2676e8a15a"
            },
            "dist": {
                "type": "zip",
                "url": "https://api.github.com/repos/basic-app/theme/zipball/c1864c80f6a21c375a47ed8d01166b2676e8a15a",
                "reference": "c1864c80f6a21c375a47ed8d01166b2676e8a15a",
                "shasum": ""
            },
            "require": {
                "basic-app/core": "dev-master",
                "phptheme/core": "dev-master"
            },
            "type": "library",
            "autoload": {
                "exclude-from-classmap": [
                    "/PhpTheme/"
                ],
                "psr-4": {
                    "BasicApp\\Theme\\": ""
                },
                "files": [
                    "PhpTheme/Core/ThemeAbstract.php",
                    "PhpTheme/Html/TableAbstract.php",
                    "PhpTheme/Html/TableColumnAbstract.php"
                ]
            },
            "notification-url": "https://packagist.org/downloads/",
            "time": "2019-07-23T16:05:38+00:00"
        },
        {
            "name": "basic-app/theme-clean-blog",
            "version": "dev-master",
            "source": {
                "type": "git",
                "url": "https://github.com/basic-app/theme-clean-blog.git",
                "reference": "849b06b8966406a27da4ed66a8b6aed824c82fd4"
            },
            "dist": {
                "type": "zip",
                "url": "https://api.github.com/repos/basic-app/theme-clean-blog/zipball/849b06b8966406a27da4ed66a8b6aed824c82fd4",
                "reference": "849b06b8966406a27da4ed66a8b6aed824c82fd4",
                "shasum": ""
            },
            "require": {
                "phptheme/theme-clean-blog": "dev-master"
            },
            "type": "library",
            "autoload": {
                "psr-4": {
                    "BasicApp\\CleanBlogTheme\\": ""
                }
            },
            "notification-url": "https://packagist.org/downloads/",
            "time": "2019-07-25T05:10:28+00:00"
        },
        {
            "name": "basic-app/theme-cool-admin",
            "version": "dev-master",
            "source": {
                "type": "git",
                "url": "https://github.com/basic-app/theme-cool-admin.git",
                "reference": "0092927d419f6afc06a359f7467190e6ad2d85d2"
            },
            "dist": {
                "type": "zip",
                "url": "https://api.github.com/repos/basic-app/theme-cool-admin/zipball/0092927d419f6afc06a359f7467190e6ad2d85d2",
                "reference": "0092927d419f6afc06a359f7467190e6ad2d85d2",
                "shasum": ""
            },
            "require": {
                "basic-app/theme": "dev-master",
                "phptheme/theme-cool-admin": "dev-master"
            },
            "type": "library",
            "autoload": {
                "psr-4": {
                    "BasicApp\\CoolAdminTheme\\": ""
                }
            },
            "notification-url": "https://packagist.org/downloads/",
            "time": "2019-07-25T09:42:41+00:00"
        },
        {
            "name": "bower-asset/codemirror",
            "version": "dev-master",
            "source": {
                "type": "git",
                "url": "https://github.com/components/codemirror.git",
                "reference": "0942c22a2762358f6f2216e4cd67f72feab98c4c"
            },
            "dist": {
                "type": "zip",
                "url": "https://api.github.com/repos/components/codemirror/zipball/0942c22a2762358f6f2216e4cd67f72feab98c4c",
                "reference": "0942c22a2762358f6f2216e4cd67f72feab98c4c"
            },
            "type": "bower-asset",
            "time": "2017-08-22T13:26:31+00:00"
        },
        {
            "name": "bower-asset/tinymce",
            "version": "dev-master",
            "source": {
                "type": "git",
                "url": "git@github.com:tinymce/tinymce-dist.git",
                "reference": "c5d8e43738cea9b428c50c6ee1d3d9eb6c653a6d"
            },
            "dist": {
                "type": "zip",
                "url": "https://api.github.com/repos/tinymce/tinymce-dist/zipball/c5d8e43738cea9b428c50c6ee1d3d9eb6c653a6d",
                "reference": "c5d8e43738cea9b428c50c6ee1d3d9eb6c653a6d"
            },
            "type": "bower-asset",
            "license": [
                "LGPL-2.1"
            ],
            "time": "2019-07-18T06:31:14+00:00"
        },
        {
            "name": "codeigniter4/framework",
            "version": "dev-master",
            "source": {
                "type": "git",
                "url": "https://github.com/codeigniter4/framework.git",
                "reference": "4fc8c8549ea009c7489183e951d7da7f8a7dcd39"
            },
            "dist": {
                "type": "zip",
                "url": "https://api.github.com/repos/codeigniter4/framework/zipball/4fc8c8549ea009c7489183e951d7da7f8a7dcd39",
                "reference": "4fc8c8549ea009c7489183e951d7da7f8a7dcd39",
                "shasum": ""
            },
            "require": {
                "ext-curl": "*",
                "ext-intl": "*",
                "kint-php/kint": "^2.1",
                "php": ">=7.2",
                "psr/log": "^1.1",
                "zendframework/zend-escaper": "^2.5"
            },
            "require-dev": {
                "codeigniter4/codeigniter4-standard": "^1.0",
                "mikey179/vfsstream": "1.6.*",
                "phpunit/phpunit": "^7.0",
                "squizlabs/php_codesniffer": "^3.3"
            },
            "type": "project",
            "autoload": {
                "psr-4": {
                    "CodeIgniter\\": "system/"
                }
            },
            "notification-url": "https://packagist.org/downloads/",
            "license": [
                "MIT"
            ],
            "description": "The CodeIgniter framework v4",
            "homepage": "https://codeigniter.com",
            "time": "2019-05-06T20:33:31+00:00"
        },
        {
            "name": "codeigniter4/translations",
            "version": "v4.0.0-beta.3",
            "source": {
                "type": "git",
                "url": "https://github.com/codeigniter4/translations.git",
                "reference": "0e9aced94737a8ef4298935cf4f13b10443a1e03"
            },
            "dist": {
                "type": "zip",
                "url": "https://api.github.com/repos/codeigniter4/translations/zipball/0e9aced94737a8ef4298935cf4f13b10443a1e03",
                "reference": "0e9aced94737a8ef4298935cf4f13b10443a1e03",
                "shasum": ""
            },
            "require": {
                "ext-intl": "*",
                "php": ">=7.1"
            },
            "type": "project",
            "autoload": {
                "psr-4": {
                    "Translations\\": "Language/"
                }
            },
            "notification-url": "https://packagist.org/downloads/",
            "license": [
                "MIT"
            ],
            "description": "Translations for CodeIgniter v4 web framework",
            "homepage": "https://codeigniter.com",
            "time": "2019-05-06T21:15:39+00:00"
        },
        {
            "name": "kint-php/kint",
            "version": "2.2",
            "source": {
                "type": "git",
                "url": "https://github.com/kint-php/kint.git",
                "reference": "b091715eadaf6e1a7ef927f3e81d1004611d2aea"
            },
            "dist": {
                "type": "zip",
                "url": "https://api.github.com/repos/kint-php/kint/zipball/b091715eadaf6e1a7ef927f3e81d1004611d2aea",
                "reference": "b091715eadaf6e1a7ef927f3e81d1004611d2aea",
                "shasum": ""
            },
            "require": {
                "php": ">=5.1.2"
            },
            "require-dev": {
                "friendsofphp/php-cs-fixer": "^2.0",
                "phpunit/phpunit": "^4.0",
                "symfony/finder": "^2.6"
            },
            "type": "library",
            "autoload": {
                "files": [
                    "init.php"
                ],
                "classmap": [
                    "src/"
                ]
            },
            "notification-url": "https://packagist.org/downloads/",
            "license": [
                "MIT"
            ],
            "authors": [
                {
                    "name": "Rokas Šleinius",
                    "homepage": "https://github.com/raveren"
                },
                {
                    "name": "Jonathan Vollebregt",
                    "homepage": "https://github.com/jnvsor"
                },
                {
                    "name": "Contributors",
                    "homepage": "https://github.com/kint-php/kint/graphs/contributors"
                }
            ],
            "description": "Kint - debugging tool for PHP developers",
            "homepage": "https://kint-php.github.io/kint/",
            "keywords": [
                "debug",
                "kint",
                "php"
            ],
            "time": "2017-09-06T17:46:03+00:00"
        },
        {
            "name": "michelf/php-markdown",
            "version": "1.8.0",
            "source": {
                "type": "git",
                "url": "https://github.com/michelf/php-markdown.git",
                "reference": "01ab082b355bf188d907b9929cd99b2923053495"
            },
            "dist": {
                "type": "zip",
                "url": "https://api.github.com/repos/michelf/php-markdown/zipball/01ab082b355bf188d907b9929cd99b2923053495",
                "reference": "01ab082b355bf188d907b9929cd99b2923053495",
                "shasum": ""
            },
            "require": {
                "php": ">=5.3.0"
            },
            "type": "library",
            "autoload": {
                "psr-4": {
                    "Michelf\\": "Michelf/"
                }
            },
            "notification-url": "https://packagist.org/downloads/",
            "license": [
                "BSD-3-Clause"
            ],
            "authors": [
                {
                    "name": "Michel Fortin",
                    "email": "michel.fortin@michelf.ca",
                    "homepage": "https://michelf.ca/",
                    "role": "Developer"
                },
                {
                    "name": "John Gruber",
                    "homepage": "https://daringfireball.net/"
                }
            ],
            "description": "PHP Markdown",
            "homepage": "https://michelf.ca/projects/php-markdown/",
            "keywords": [
                "markdown"
            ],
            "time": "2018-01-15T00:49:33+00:00"
        },
        {
            "name": "npm-asset/bootstrap",
            "version": "4.3.1",
            "dist": {
                "type": "tar",
                "url": "https://registry.npmjs.org/bootstrap/-/bootstrap-4.3.1.tgz"
            },
            "type": "npm-asset",
            "license": [
                "MIT"
            ]
        },
        {
            "name": "npm-asset/fortawesome--fontawesome-free",
            "version": "5.9.0",
            "dist": {
                "type": "tar",
                "url": "https://registry.npmjs.org/@fortawesome/fontawesome-free/-/fontawesome-free-5.9.0.tgz"
            },
            "type": "npm-asset",
            "license": [
                "(CC-BY-4.0 AND OFL-1.1 AND MIT)"
            ]
        },
        {
            "name": "npm-asset/jquery",
            "version": "3.4.1",
            "dist": {
                "type": "tar",
                "url": "https://registry.npmjs.org/jquery/-/jquery-3.4.1.tgz"
            },
            "type": "npm-asset",
            "license": [
                "MIT"
            ]
        },
        {
            "name": "npm-asset/startbootstrap-clean-blog",
            "version": "dev-master",
            "source": {
                "type": "git",
                "url": "git@github.com:BlackrockDigital/startbootstrap-clean-blog.git",
                "reference": "ea0d86a2fa7963b5dec1e1ab86d800d030b6017c"
            },
            "dist": {
                "type": "zip",
                "url": "https://api.github.com/repos/BlackrockDigital/startbootstrap-clean-blog/zipball/ea0d86a2fa7963b5dec1e1ab86d800d030b6017c",
                "reference": "ea0d86a2fa7963b5dec1e1ab86d800d030b6017c"
            },
            "require": {
                "npm-asset/bootstrap": "4.3.1",
                "npm-asset/fortawesome--fontawesome-free": "5.9.0",
                "npm-asset/jquery": "3.4.1"
            },
            "type": "npm-asset",
            "license": [
                "MIT"
            ],
            "time": "2019-06-13T16:48:26+00:00"
        },
        {
            "name": "phpmailer/phpmailer",
            "version": "v6.0.7",
            "source": {
                "type": "git",
                "url": "https://github.com/PHPMailer/PHPMailer.git",
                "reference": "0c41a36d4508d470e376498c1c0c527aa36a2d59"
            },
            "dist": {
                "type": "zip",
                "url": "https://api.github.com/repos/PHPMailer/PHPMailer/zipball/0c41a36d4508d470e376498c1c0c527aa36a2d59",
                "reference": "0c41a36d4508d470e376498c1c0c527aa36a2d59",
                "shasum": ""
            },
            "require": {
                "ext-ctype": "*",
                "ext-filter": "*",
                "php": ">=5.5.0"
            },
            "require-dev": {
                "doctrine/annotations": "1.2.*",
                "friendsofphp/php-cs-fixer": "^2.2",
                "phpdocumentor/phpdocumentor": "2.*",
                "phpunit/phpunit": "^4.8 || ^5.7",
                "zendframework/zend-eventmanager": "3.0.*",
                "zendframework/zend-i18n": "2.7.3",
                "zendframework/zend-serializer": "2.7.*"
            },
            "suggest": {
                "ext-mbstring": "Needed to send email in multibyte encoding charset",
                "hayageek/oauth2-yahoo": "Needed for Yahoo XOAUTH2 authentication",
                "league/oauth2-google": "Needed for Google XOAUTH2 authentication",
                "psr/log": "For optional PSR-3 debug logging",
                "stevenmaguire/oauth2-microsoft": "Needed for Microsoft XOAUTH2 authentication",
                "symfony/polyfill-mbstring": "To support UTF-8 if the Mbstring PHP extension is not enabled (^1.2)"
            },
            "type": "library",
            "autoload": {
                "psr-4": {
                    "PHPMailer\\PHPMailer\\": "src/"
                }
            },
            "notification-url": "https://packagist.org/downloads/",
            "license": [
                "LGPL-2.1"
            ],
            "authors": [
                {
                    "name": "Jim Jagielski",
                    "email": "jimjag@gmail.com"
                },
                {
                    "name": "Marcus Bointon",
                    "email": "phpmailer@synchromedia.co.uk"
                },
                {
                    "name": "Andy Prevost",
                    "email": "codeworxtech@users.sourceforge.net"
                },
                {
                    "name": "Brent R. Matzelle"
                }
            ],
            "description": "PHPMailer is a full-featured email creation and transfer class for PHP",
            "time": "2019-02-01T15:04:28+00:00"
        },
        {
            "name": "phptheme/bootstrap4",
            "version": "dev-master",
            "source": {
                "type": "git",
                "url": "https://github.com/phptheme/bootstrap4.git",
                "reference": "18900f1f14f129e07f19e96e4e68906af04da665"
            },
            "dist": {
                "type": "zip",
                "url": "https://api.github.com/repos/phptheme/bootstrap4/zipball/18900f1f14f129e07f19e96e4e68906af04da665",
                "reference": "18900f1f14f129e07f19e96e4e68906af04da665",
                "shasum": ""
            },
            "require": {
                "phptheme/core": "dev-master"
            },
            "type": "library",
            "autoload": {
                "psr-4": {
                    "PhpTheme\\Bootstrap4\\": ""
                }
            },
            "notification-url": "https://packagist.org/downloads/",
            "license": [
                "MIT"
            ],
            "time": "2019-07-14T05:36:32+00:00"
        },
        {
            "name": "phptheme/core",
            "version": "dev-master",
            "source": {
                "type": "git",
                "url": "https://github.com/phptheme/core.git",
                "reference": "338b66463fc449f3daf932b781b607ccde582378"
            },
            "dist": {
                "type": "zip",
                "url": "https://api.github.com/repos/phptheme/core/zipball/338b66463fc449f3daf932b781b607ccde582378",
                "reference": "338b66463fc449f3daf932b781b607ccde582378",
                "shasum": ""
            },
            "require": {
                "composer-plugin-api": "^1.0"
            },
            "type": "library",
            "autoload": {
                "psr-4": {
                    "PhpTheme\\Core\\": "",
                    "PhpTheme\\Helpers\\": "Helpers/",
                    "PhpTheme\\Html\\": "Html/"
                }
            },
            "notification-url": "https://packagist.org/downloads/",
            "license": [
                "MIT"
            ],
            "time": "2019-07-21T07:22:41+00:00"
        },
        {
            "name": "phptheme/theme-clean-blog",
            "version": "dev-master",
            "source": {
                "type": "git",
                "url": "https://github.com/phptheme/theme-clean-blog.git",
                "reference": "edaa4b87bfcb51081b79a66d546cdb4da6d85c61"
            },
            "dist": {
                "type": "zip",
                "url": "https://api.github.com/repos/phptheme/theme-clean-blog/zipball/edaa4b87bfcb51081b79a66d546cdb4da6d85c61",
                "reference": "edaa4b87bfcb51081b79a66d546cdb4da6d85c61",
                "shasum": ""
            },
            "require": {
                "phptheme/bootstrap4": "dev-master",
                "phptheme/core": "dev-master"
            },
            "type": "library",
            "autoload": {
                "psr-4": {
                    "PhpTheme\\CleanBlogTheme\\": ""
                }
            },
            "notification-url": "https://packagist.org/downloads/",
            "time": "2019-07-25T05:26:04+00:00"
        },
        {
            "name": "phptheme/theme-cool-admin",
            "version": "dev-master",
            "source": {
                "type": "git",
                "url": "https://github.com/phptheme/theme-cool-admin.git",
                "reference": "1973d1e35bd1146d5c3c4d1b47092e43dc4ade9a"
            },
            "dist": {
                "type": "zip",
                "url": "https://api.github.com/repos/phptheme/theme-cool-admin/zipball/1973d1e35bd1146d5c3c4d1b47092e43dc4ade9a",
                "reference": "1973d1e35bd1146d5c3c4d1b47092e43dc4ade9a",
                "shasum": ""
            },
            "require": {
                "phptheme/bootstrap4": "dev-master"
            },
            "type": "library",
            "autoload": {
                "psr-4": {
                    "PhpTheme\\CoolAdminTheme\\": ""
                }
            },
            "notification-url": "https://packagist.org/downloads/",
            "license": [
                "MIT"
            ],
            "time": "2019-07-20T15:11:13+00:00"
        },
        {
            "name": "psr/log",
            "version": "1.1.0",
            "source": {
                "type": "git",
                "url": "https://github.com/php-fig/log.git",
                "reference": "6c001f1daafa3a3ac1d8ff69ee4db8e799a654dd"
            },
            "dist": {
                "type": "zip",
                "url": "https://api.github.com/repos/php-fig/log/zipball/6c001f1daafa3a3ac1d8ff69ee4db8e799a654dd",
                "reference": "6c001f1daafa3a3ac1d8ff69ee4db8e799a654dd",
                "shasum": ""
            },
            "require": {
                "php": ">=5.3.0"
            },
            "type": "library",
            "extra": {
                "branch-alias": {
                    "dev-master": "1.0.x-dev"
                }
            },
            "autoload": {
                "psr-4": {
                    "Psr\\Log\\": "Psr/Log/"
                }
            },
            "notification-url": "https://packagist.org/downloads/",
            "license": [
                "MIT"
            ],
            "authors": [
                {
                    "name": "PHP-FIG",
                    "homepage": "http://www.php-fig.org/"
                }
            ],
            "description": "Common interface for logging libraries",
            "homepage": "https://github.com/php-fig/log",
            "keywords": [
                "log",
                "psr",
                "psr-3"
            ],
            "time": "2018-11-20T15:27:04+00:00"
        },
        {
            "name": "puikinsh/cool-admin",
            "version": "1.0",
            "source": {
                "type": "git",
                "url": "https://github.com/puikinsh/CoolAdmin",
                "reference": "master"
            },
            "type": "library"
        },
        {
            "name": "zendframework/zend-escaper",
            "version": "2.6.0",
            "source": {
                "type": "git",
                "url": "https://github.com/zendframework/zend-escaper.git",
                "reference": "31d8aafae982f9568287cb4dce987e6aff8fd074"
            },
            "dist": {
                "type": "zip",
                "url": "https://api.github.com/repos/zendframework/zend-escaper/zipball/31d8aafae982f9568287cb4dce987e6aff8fd074",
                "reference": "31d8aafae982f9568287cb4dce987e6aff8fd074",
                "shasum": ""
            },
            "require": {
                "php": "^5.6 || ^7.0"
            },
            "require-dev": {
                "phpunit/phpunit": "^5.7.27 || ^6.5.8 || ^7.1.2",
                "zendframework/zend-coding-standard": "~1.0.0"
            },
            "type": "library",
            "extra": {
                "branch-alias": {
                    "dev-master": "2.6.x-dev",
                    "dev-develop": "2.7.x-dev"
                }
            },
            "autoload": {
                "psr-4": {
                    "Zend\\Escaper\\": "src/"
                }
            },
            "notification-url": "https://packagist.org/downloads/",
            "license": [
                "BSD-3-Clause"
            ],
            "description": "Securely and safely escape HTML, HTML attributes, JavaScript, CSS, and URLs",
            "keywords": [
                "ZendFramework",
                "escaper",
                "zf"
            ],
            "time": "2018-04-25T15:48:53+00:00"
        }
    ],
    "packages-dev": [],
    "aliases": [],
    "minimum-stability": "dev",
    "stability-flags": {
        "basic-app/system": 20,
        "basic-app/module-site": 20,
        "basic-app/admin": 20,
        "basic-app/module-blog": 20,
        "phptheme/core": 20,
        "basic-app/theme-clean-blog": 20,
        "npm-asset/startbootstrap-clean-blog": 20,
        "bower-asset/tinymce": 20,
        "bower-asset/codemirror": 20,
        "basic-app/theme-cool-admin": 20
    },
    "prefer-stable": true,
    "prefer-lowest": false,
    "platform": [],
    "platform-dev": []
}
